// !$*UTF8*$!
{
	archiveVersion = 1;
	classes = {
	};
	objectVersion = 46;
	objects = {

/* Begin PBXBuildFile section */
		1ACF11D71C1B6BC5007DFEB5 /* main.swift in Sources */ = {isa = PBXBuildFile; fileRef = 1ACF11D61C1B6BC5007DFEB5 /* main.swift */; };
/* End PBXBuildFile section */

/* Begin PBXCopyFilesBuildPhase section */
		1ACF11D11C1B6BC4007DFEB5 /* CopyFiles */ = {
			isa = PBXCopyFilesBuildPhase;
			buildActionMask = 2147483647;
			dstPath = /usr/share/man/man1/;
			dstSubfolderSpec = 0;
			files = (
			);
			runOnlyForDeploymentPostprocessing = 1;
		};
/* End PBXCopyFilesBuildPhase section */

/* Begin PBXFileReference section */
		1ACF11D31C1B6BC5007DFEB5 /* CSVDataExtractor */ = {isa = PBXFileReference; explicitFileType = "compiled.mach-o.executable"; includeInIndex = 0; path = CSVDataExtractor; sourceTree = BUILT_PRODUCTS_DIR; };
		1ACF11D61C1B6BC5007DFEB5 /* main.swift */ = {isa = PBXFileReference; lastKnownFileType = sourcecode.swift; path = main.swift; sourceTree = "<group>"; };
/* End PBXFileReference section */

/* Begin PBXFrameworksBuildPhase section */
		1ACF11D01C1B6BC4007DFEB5 /* Frameworks */ = {
			isa = PBXFrameworksBuildPhase;
			buildActionMask = 2147483647;
			files = (
			);
			runOnlyForDeploymentPostprocessing = 0;
		};
/* End PBXFrameworksBuildPhase section */

/* Begin PBXGroup section */
		1ACF11CA1C1B6BC4007DFEB5 = {
			isa = PBXGroup;
			children = (
				1ACF11D51C1B6BC5007DFEB5 /* CSVDataExtractor */,
				1ACF11D41C1B6BC5007DFEB5 /* Products */,
			);
			sourceTree = "<group>";
		};
		1ACF11D41C1B6BC5007DFEB5 /* Products */ = {
			isa = PBXGroup;
			children = (
				1ACF11D31C1B6BC5007DFEB5 /* CSVDataExtractor */,
			);
			name = Products;
			sourceTree = "<group>";
		};
		1ACF11D51C1B6BC5007DFEB5 /* CSVDataExtractor */ = {
			isa = PBXGroup;
			children = (
				1ACF11D61C1B6BC5007DFEB5 /* main.swift */,
			);
			name = CSVDataExtractor;
			path = ListExtractor;
			sourceTree = "<group>";
		};
/* End PBXGroup section */

/* Begin PBXNativeTarget section */
		1ACF11D21C1B6BC4007DFEB5 /* CSVDataExtractor */ = {
			isa = PBXNativeTarget;
			buildConfigurationList = 1ACF11DA1C1B6BC5007DFEB5 /* Build configuration list for PBXNativeTarget "CSVDataExtractor" */;
			buildPhases = (
				1ACF11CF1C1B6BC4007DFEB5 /* Sources */,
				1ACF11D01C1B6BC4007DFEB5 /* Frameworks */,
				1ACF11D11C1B6BC4007DFEB5 /* CopyFiles */,
			);
			buildRules = (
			);
			dependencies = (
			);
			name = CSVDataExtractor;
			productName = ListExtractor;
			productReference = 1ACF11D31C1B6BC5007DFEB5 /* CSVDataExtractor */;
			productType = "com.apple.product-type.tool";
		};
/* End PBXNativeTarget section */

/* Begin PBXProject section */
		1ACF11CB1C1B6BC4007DFEB5 /* Project object */ = {
			isa = PBXProject;
			attributes = {
				LastSwiftUpdateCheck = 0710;
				LastUpgradeCheck = 0710;
				ORGANIZATIONNAME = ConfuzedSkull;
				TargetAttributes = {
					1ACF11D21C1B6BC4007DFEB5 = {
						CreatedOnToolsVersion = 7.1.1;
					};
				};
			};
			buildConfigurationList = 1ACF11CE1C1B6BC4007DFEB5 /* Build configuration list for PBXProject "CSVDataExtractor" */;
			compatibilityVersion = "Xcode 3.2";
			developmentRegion = English;
			hasScannedForEncodings = 0;
			knownRegions = (
				en,
			);
			mainGroup = 1ACF11CA1C1B6BC4007DFEB5;
			productRefGroup = 1ACF11D41C1B6BC5007DFEB5 /* Products */;
			projectDirPath = "";
			projectRoot = "";
			targets = (
				1ACF11D21C1B6BC4007DFEB5 /* CSVDataExtractor */,
			);
		};
/* End PBXProject section */

/* Begin PBXSourcesBuildPhase section */
		1ACF11CF1C1B6BC4007DFEB5 /* Sources */ = {
			isa = PBXSourcesBuildPhase;
			buildActionMask = 2147483647;
			files = (
				1ACF11D71C1B6BC5007DFEB5 /* main.swift in Sources */,
			);
			runOnlyForDeploymentPostprocessing = 0;
		};
/* End PBXSourcesBuildPhase section */

/* Begin XCBuildConfiguration section */
		1ACF11D81C1B6BC5007DFEB5 /* Debug */ = {
			isa = XCBuildConfiguration;
			buildSettings = {
				ALWAYS_SEARCH_USER_PATHS = NO;
				CLANG_CXX_LANGUAGE_STANDARD = "gnu++0x";
				CLANG_CXX_LIBRARY = "libc++";
				CLANG_ENABLE_MODULES = YES;
				CLANG_ENABLE_OBJC_ARC = YES;
				CLANG_WARN_BOOL_CONVERSION = YES;
				CLANG_WARN_CONSTANT_CONVERSION = YES;
				CLANG_WARN_DIRECT_OBJC_ISA_USAGE = YES_ERROR;
				CLANG_WARN_EMPTY_BODY = YES;
				CLANG_WARN_ENUM_CONVERSION = YES;
				CLANG_WARN_INT_CONVERSION = YES;
				CLANG_WARN_OBJC_ROOT_CLASS = YES_ERROR;
				CLANG_WARN_UNREACHABLE_CODE = YES;
				CLANG_WARN__DUPLICATE_METHOD_MATCH = YES;
				CODE_SIGN_IDENTITY = "-";
				COPY_PHASE_STRIP = NO;
				DEBUG_INFORMATION_FORMAT = dwarf;
				ENABLE_STRICT_OBJC_MSGSEND = YES;
				ENABLE_TESTABILITY = YES;
				GCC_C_LANGUAGE_STANDARD = gnu99;
				GCC_DYNAMIC_NO_PIC = NO;
				GCC_NO_COMMON_BLOCKS = YES;
				GCC_OPTIMIZATION_LEVEL = 0;
				GCC_PREPROCESSOR_DEFINITIONS = (
					"DEBUG=1",
					"$(inherited)",
				);
				GCC_WARN_64_TO_32_BIT_CONVERSION = YES;
				GCC_WARN_ABOUT_RETURN_TYPE = YES_ERROR;
				GCC_WARN_UNDECLARED_SELECTOR = YES;
				GCC_WARN_UNINITIALIZED_AUTOS = YES_AGGRESSIVE;
				GCC_WARN_UNUSED_FUNCTION = YES;
				GCC_WARN_UNUSED_VARIABLE = YES;
				MACOSX_DEPLOYMENT_TARGET = 10.11;
				MTL_ENABLE_DEBUG_INFO = YES;
				ONLY_ACTIVE_ARCH = YES;
				SDKROOT = macosx;
				SWIFT_OPTIMIZATION_LEVEL = "-Onone";
			};
			name = Debug;
		};
		1ACF11D91C1B6BC5007DFEB5 /* Release */ = {
			isa = XCBuildConfiguration;
			buildSettings = {
				ALWAYS_SEARCH_USER_PATHS = NO;
				CLANG_CXX_LANGUAGE_STANDARD = "gnu++0x";
				CLANG_CXX_LIBRARY = "libc++";
				CLANG_ENABLE_MODULES = YES;
				CLANG_ENABLE_OBJC_ARC = YES;
				CLANG_WARN_BOOL_CONVERSION = YES;
				CLANG_WARN_CONSTANT_CONVERSION = YES;
				CLANG_WARN_DIRECT_OBJC_ISA_USAGE = YES_ERROR;
				CLANG_WARN_EMPTY_BODY = YES;
				CLANG_WARN_ENUM_CONVERSION = YES;
				CLANG_WARN_INT_CONVERSION = YES;
				CLANG_WARN_OBJC_ROOT_CLASS = YES_ERROR;
				CLANG_WARN_UNREACHABLE_CODE = YES;
				CLANG_WARN__DUPLICATE_METHOD_MATCH = YES;
				CODE_SIGN_IDENTITY = "-";
				COPY_PHASE_STRIP = NO;
				DEBUG_INFORMATION_FORMAT = "dwarf-with-dsym";
				ENABLE_NS_ASSERTIONS = NO;
				ENABLE_STRICT_OBJC_MSGSEND = YES;
				GCC_C_LANGUAGE_STANDARD = gnu99;
				GCC_NO_COMMON_BLOCKS = YES;
				GCC_WARN_64_TO_32_BIT_CONVERSION = YES;
				GCC_WARN_ABOUT_RETURN_TYPE = YES_ERROR;
				GCC_WARN_UNDECLARED_SELECTOR = YES;
				GCC_WARN_UNINITIALIZED_AUTOS = YES_AGGRESSIVE;
				GCC_WARN_UNUSED_FUNCTION = YES;
				GCC_WARN_UNUSED_VARIABLE = YES;
				MACOSX_DEPLOYMENT_TARGET = 10.11;
				MTL_ENABLE_DEBUG_INFO = NO;
				SDKROOT = macosx;
			};
			name = Release;
		};
		1ACF11DB1C1B6BC5007DFEB5 /* Debug */ = {
			isa = XCBuildConfiguration;
			buildSettings = {
				PRODUCT_NAME = CSVDataExtractor;
			};
			name = Debug;
		};
		1ACF11DC1C1B6BC5007DFEB5 /* Release */ = {
			isa = XCBuildConfiguration;
			buildSettings = {
				PRODUCT_NAME = CSVDataExtractor;
			};
			name = Release;
		};
/* End XCBuildConfiguration section */

/* Begin XCConfigurationList section */
		1ACF11CE1C1B6BC4007DFEB5 /* Build configuration list for PBXProject "CSVDataExtractor" */ = {
			isa = XCConfigurationList;
			buildConfigurations = (
				1ACF11D81C1B6BC5007DFEB5 /* Debug */,
				1ACF11D91C1B6BC5007DFEB5 /* Release */,
			);
			defaultConfigurationIsVisible = 0;
			defaultConfigurationName = Release;
		};
		1ACF11DA1C1B6BC5007DFEB5 /* Build configuration list for PBXNativeTarget "CSVDataExtractor" */ = {
			isa = XCConfigurationList;
			buildConfigurations = (
				1ACF11DB1C1B6BC5007DFEB5 /* Debug */,
				1ACF11DC1C1B6BC5007DFEB5 /* Release */,
			);
			defaultConfigurationIsVisible = 0;
			defaultConfigurationName = Release;
		};
/* End XCConfigurationList section */
	};
	rootObject = 1ACF11CB1C1B6BC4007DFEB5 /* Project object */;
}
